// !$*UTF8*$!
{
	archiveVersion = 1;
	classes = {
	};
	objectVersion = 46;
	objects = {

/* Begin PBXBuildFile section */
		1D0BD8211F676B2F00924589 /* loop.swift in Sources */ = {isa = PBXBuildFile; fileRef = 1D0BD8201F676B2F00924589 /* loop.swift */; };
		1D0BD8231F67745900924589 /* switch.swift in Sources */ = {isa = PBXBuildFile; fileRef = 1D0BD8221F67745900924589 /* switch.swift */; };
		1D7864411F6624E5005768C3 /* mytuple.swift in Sources */ = {isa = PBXBuildFile; fileRef = 1D7864401F6624E5005768C3 /* mytuple.swift */; };
		1D7864431F662917005768C3 /* myset.swift in Sources */ = {isa = PBXBuildFile; fileRef = 1D7864421F662917005768C3 /* myset.swift */; };
		1D7864451F663530005768C3 /* mydic.swift in Sources */ = {isa = PBXBuildFile; fileRef = 1D7864441F663530005768C3 /* mydic.swift */; };
		1DDFE9881F5FDCE8008FF525 /* main.swift in Sources */ = {isa = PBXBuildFile; fileRef = 1DDFE9871F5FDCE8008FF525 /* main.swift */; };
		1DDFE98F1F5FDE35008FF525 /* mysample01.swift in Sources */ = {isa = PBXBuildFile; fileRef = 1DDFE98E1F5FDE35008FF525 /* mysample01.swift */; };
		1DDFE9911F5FE1C8008FF525 /* mysample02.swift in Sources */ = {isa = PBXBuildFile; fileRef = 1DDFE9901F5FE1C8008FF525 /* mysample02.swift */; };
		1DDFE9931F60EF0B008FF525 /* mysample03.swift in Sources */ = {isa = PBXBuildFile; fileRef = 1DDFE9921F60EF0B008FF525 /* mysample03.swift */; };
		1DFA6A421F6224E7004FF4DF /* poker.swift in Sources */ = {isa = PBXBuildFile; fileRef = 1DFA6A411F6224E7004FF4DF /* poker.swift */; };
		1DFA6A441F623EE6004FF4DF /* mystr.swift in Sources */ = {isa = PBXBuildFile; fileRef = 1DFA6A431F623EE6004FF4DF /* mystr.swift */; };
/* End PBXBuildFile section */

/* Begin PBXCopyFilesBuildPhase section */
		1DDFE9821F5FDCE8008FF525 /* CopyFiles */ = {
			isa = PBXCopyFilesBuildPhase;
			buildActionMask = 2147483647;
			dstPath = /usr/share/man/man1/;
			dstSubfolderSpec = 0;
			files = (
			);
			runOnlyForDeploymentPostprocessing = 1;
		};
/* End PBXCopyFilesBuildPhase section */

/* Begin PBXFileReference section */
		1D0BD8201F676B2F00924589 /* loop.swift */ = {isa = PBXFileReference; fileEncoding = 4; lastKnownFileType = sourcecode.swift; path = loop.swift; sourceTree = "<group>"; };
		1D0BD8221F67745900924589 /* switch.swift */ = {isa = PBXFileReference; fileEncoding = 4; lastKnownFileType = sourcecode.swift; path = switch.swift; sourceTree = "<group>"; };
		1D7864401F6624E5005768C3 /* mytuple.swift */ = {isa = PBXFileReference; fileEncoding = 4; lastKnownFileType = sourcecode.swift; path = mytuple.swift; sourceTree = "<group>"; };
		1D7864421F662917005768C3 /* myset.swift */ = {isa = PBXFileReference; fileEncoding = 4; lastKnownFileType = sourcecode.swift; path = myset.swift; sourceTree = "<group>"; };
		1D7864441F663530005768C3 /* mydic.swift */ = {isa = PBXFileReference; fileEncoding = 4; lastKnownFileType = sourcecode.swift; path = mydic.swift; sourceTree = "<group>"; };
		1DDFE9841F5FDCE8008FF525 /* sample02 */ = {isa = PBXFileReference; explicitFileType = "compiled.mach-o.executable"; includeInIndex = 0; path = sample02; sourceTree = BUILT_PRODUCTS_DIR; };
		1DDFE9871F5FDCE8008FF525 /* main.swift */ = {isa = PBXFileReference; lastKnownFileType = sourcecode.swift; path = main.swift; sourceTree = "<group>"; };
		1DDFE98E1F5FDE35008FF525 /* mysample01.swift */ = {isa = PBXFileReference; fileEncoding = 4; lastKnownFileType = sourcecode.swift; path = mysample01.swift; sourceTree = "<group>"; };
		1DDFE9901F5FE1C8008FF525 /* mysample02.swift */ = {isa = PBXFileReference; fileEncoding = 4; lastKnownFileType = sourcecode.swift; path = mysample02.swift; sourceTree = "<group>"; };
		1DDFE9921F60EF0B008FF525 /* mysample03.swift */ = {isa = PBXFileReference; fileEncoding = 4; lastKnownFileType = sourcecode.swift; path = mysample03.swift; sourceTree = "<group>"; };
		1DFA6A411F6224E7004FF4DF /* poker.swift */ = {isa = PBXFileReference; fileEncoding = 4; lastKnownFileType = sourcecode.swift; path = poker.swift; sourceTree = "<group>"; };
		1DFA6A431F623EE6004FF4DF /* mystr.swift */ = {isa = PBXFileReference; fileEncoding = 4; lastKnownFileType = sourcecode.swift; path = mystr.swift; sourceTree = "<group>"; };
/* End PBXFileReference section */

/* Begin PBXFrameworksBuildPhase section */
		1DDFE9811F5FDCE8008FF525 /* Frameworks */ = {
			isa = PBXFrameworksBuildPhase;
			buildActionMask = 2147483647;
			files = (
			);
			runOnlyForDeploymentPostprocessing = 0;
		};
/* End PBXFrameworksBuildPhase section */

/* Begin PBXGroup section */
		1DDFE97B1F5FDCE8008FF525 = {
			isa = PBXGroup;
			children = (
				1DDFE9861F5FDCE8008FF525 /* sample02 */,
				1DDFE9851F5FDCE8008FF525 /* Products */,
			);
			sourceTree = "<group>";
		};
		1DDFE9851F5FDCE8008FF525 /* Products */ = {
			isa = PBXGroup;
			children = (
				1DDFE9841F5FDCE8008FF525 /* sample02 */,
			);
			name = Products;
			sourceTree = "<group>";
		};
		1DDFE9861F5FDCE8008FF525 /* sample02 */ = {
			isa = PBXGroup;
			children = (
				1DDFE9871F5FDCE8008FF525 /* main.swift */,
				1DDFE98E1F5FDE35008FF525 /* mysample01.swift */,
				1DDFE9901F5FE1C8008FF525 /* mysample02.swift */,
				1DDFE9921F60EF0B008FF525 /* mysample03.swift */,
				1DFA6A411F6224E7004FF4DF /* poker.swift */,
				1DFA6A431F623EE6004FF4DF /* mystr.swift */,
				1D7864401F6624E5005768C3 /* mytuple.swift */,
				1D7864421F662917005768C3 /* myset.swift */,
				1D7864441F663530005768C3 /* mydic.swift */,
				1D0BD8201F676B2F00924589 /* loop.swift */,
				1D0BD8221F67745900924589 /* switch.swift */,
			);
			path = sample02;
			sourceTree = "<group>";
		};
/* End PBXGroup section */

/* Begin PBXNativeTarget section */
		1DDFE9831F5FDCE8008FF525 /* sample02 */ = {
			isa = PBXNativeTarget;
			buildConfigurationList = 1DDFE98B1F5FDCE8008FF525 /* Build configuration list for PBXNativeTarget "sample02" */;
			buildPhases = (
				1DDFE9801F5FDCE8008FF525 /* Sources */,
				1DDFE9811F5FDCE8008FF525 /* Frameworks */,
				1DDFE9821F5FDCE8008FF525 /* CopyFiles */,
			);
			buildRules = (
			);
			dependencies = (
			);
			name = sample02;
			productName = sample02;
			productReference = 1DDFE9841F5FDCE8008FF525 /* sample02 */;
			productType = "com.apple.product-type.tool";
		};
/* End PBXNativeTarget section */

/* Begin PBXProject section */
		1DDFE97C1F5FDCE8008FF525 /* Project object */ = {
			isa = PBXProject;
			attributes = {
				LastSwiftUpdateCheck = 0830;
				LastUpgradeCheck = 0830;
				ORGANIZATIONNAME = sample;
				TargetAttributes = {
					1DDFE9831F5FDCE8008FF525 = {
						CreatedOnToolsVersion = 8.3.3;
						DevelopmentTeam = ZG9464TBPU;
						ProvisioningStyle = Automatic;
					};
				};
			};
			buildConfigurationList = 1DDFE97F1F5FDCE8008FF525 /* Build configuration list for PBXProject "sample02" */;
			compatibilityVersion = "Xcode 3.2";
			developmentRegion = English;
			hasScannedForEncodings = 0;
			knownRegions = (
				en,
			);
			mainGroup = 1DDFE97B1F5FDCE8008FF525;
			productRefGroup = 1DDFE9851F5FDCE8008FF525 /* Products */;
			projectDirPath = "";
			projectRoot = "";
			targets = (
				1DDFE9831F5FDCE8008FF525 /* sample02 */,
			);
		};
/* End PBXProject section */

/* Begin PBXSourcesBuildPhase section */
		1DDFE9801F5FDCE8008FF525 /* Sources */ = {
			isa = PBXSourcesBuildPhase;
			buildActionMask = 2147483647;
			files = (
				1D7864431F662917005768C3 /* myset.swift in Sources */,
				1DDFE98F1F5FDE35008FF525 /* mysample01.swift in Sources */,
				1D7864411F6624E5005768C3 /* mytuple.swift in Sources */,
				1DDFE9911F5FE1C8008FF525 /* mysample02.swift in Sources */,
				1DDFE9931F60EF0B008FF525 /* mysample03.swift in Sources */,
				1DDFE9881F5FDCE8008FF525 /* main.swift in Sources */,
				1DFA6A421F6224E7004FF4DF /* poker.swift in Sources */,
				1D0BD8211F676B2F00924589 /* loop.swift in Sources */,
				1D0BD8231F67745900924589 /* switch.swift in Sources */,
				1DFA6A441F623EE6004FF4DF /* mystr.swift in Sources */,
				1D7864451F663530005768C3 /* mydic.swift in Sources */,
			);
			runOnlyForDeploymentPostprocessing = 0;
		};
/* End PBXSourcesBuildPhase section */

/* Begin XCBuildConfiguration section */
		1DDFE9891F5FDCE8008FF525 /* Debug */ = {
			isa = XCBuildConfiguration;
			buildSettings = {
				ALWAYS_SEARCH_USER_PATHS = NO;
				CLANG_ANALYZER_NONNULL = YES;
				CLANG_ANALYZER_NUMBER_OBJECT_CONVERSION = YES_AGGRESSIVE;
				CLANG_CXX_LANGUAGE_STANDARD = "gnu++0x";
				CLANG_CXX_LIBRARY = "libc++";
				CLANG_ENABLE_MODULES = YES;
				CLANG_ENABLE_OBJC_ARC = YES;
				CLANG_WARN_BOOL_CONVERSION = YES;
				CLANG_WARN_CONSTANT_CONVERSION = YES;
				CLANG_WARN_DIRECT_OBJC_ISA_USAGE = YES_ERROR;
				CLANG_WARN_DOCUMENTATION_COMMENTS = YES;
				CLANG_WARN_EMPTY_BODY = YES;
				CLANG_WARN_ENUM_CONVERSION = YES;
				CLANG_WARN_INFINITE_RECURSION = YES;
				CLANG_WARN_INT_CONVERSION = YES;
				CLANG_WARN_OBJC_ROOT_CLASS = YES_ERROR;
				CLANG_WARN_SUSPICIOUS_MOVE = YES;
				CLANG_WARN_UNREACHABLE_CODE = YES;
				CLANG_WARN__DUPLICATE_METHOD_MATCH = YES;
				CODE_SIGN_IDENTITY = "-";
				COPY_PHASE_STRIP = NO;
				DEBUG_INFORMATION_FORMAT = dwarf;
				ENABLE_STRICT_OBJC_MSGSEND = YES;
				ENABLE_TESTABILITY = YES;
				GCC_C_LANGUAGE_STANDARD = gnu99;
				GCC_DYNAMIC_NO_PIC = NO;
				GCC_NO_COMMON_BLOCKS = YES;
				GCC_OPTIMIZATION_LEVEL = 0;
				GCC_PREPROCESSOR_DEFINITIONS = (
					"DEBUG=1",
					"$(inherited)",
				);
				GCC_WARN_64_TO_32_BIT_CONVERSION = YES;
				GCC_WARN_ABOUT_RETURN_TYPE = YES_ERROR;
				GCC_WARN_UNDECLARED_SELECTOR = YES;
				GCC_WARN_UNINITIALIZED_AUTOS = YES_AGGRESSIVE;
				GCC_WARN_UNUSED_FUNCTION = YES;
				GCC_WARN_UNUSED_VARIABLE = YES;
				MACOSX_DEPLOYMENT_TARGET = 10.12;
				MTL_ENABLE_DEBUG_INFO = YES;
				ONLY_ACTIVE_ARCH = YES;
				SDKROOT = macosx;
				SWIFT_OPTIMIZATION_LEVEL = "-Onone";
			};
			name = Debug;
		};
		1DDFE98A1F5FDCE8008FF525 /* Release */ = {
			isa = XCBuildConfiguration;
			buildSettings = {
				ALWAYS_SEARCH_USER_PATHS = NO;
				CLANG_ANALYZER_NONNULL = YES;
				CLANG_ANALYZER_NUMBER_OBJECT_CONVERSION = YES_AGGRESSIVE;
				CLANG_CXX_LANGUAGE_STANDARD = "gnu++0x";
				CLANG_CXX_LIBRARY = "libc++";
				CLANG_ENABLE_MODULES = YES;
				CLANG_ENABLE_OBJC_ARC = YES;
				CLANG_WARN_BOOL_CONVERSION = YES;
				CLANG_WARN_CONSTANT_CONVERSION = YES;
				CLANG_WARN_DIRECT_OBJC_ISA_USAGE = YES_ERROR;
				CLANG_WARN_DOCUMENTATION_COMMENTS = YES;
				CLANG_WARN_EMPTY_BODY = YES;
				CLANG_WARN_ENUM_CONVERSION = YES;
				CLANG_WARN_INFINITE_RECURSION = YES;
				CLANG_WARN_INT_CONVERSION = YES;
				CLANG_WARN_OBJC_ROOT_CLASS = YES_ERROR;
				CLANG_WARN_SUSPICIOUS_MOVE = YES;
				CLANG_WARN_UNREACHABLE_CODE = YES;
				CLANG_WARN__DUPLICATE_METHOD_MATCH = YES;
				CODE_SIGN_IDENTITY = "-";
				COPY_PHASE_STRIP = NO;
				DEBUG_INFORMATION_FORMAT = "dwarf-with-dsym";
				ENABLE_NS_ASSERTIONS = NO;
				ENABLE_STRICT_OBJC_MSGSEND = YES;
				GCC_C_LANGUAGE_STANDARD = gnu99;
				GCC_NO_COMMON_BLOCKS = YES;
				GCC_WARN_64_TO_32_BIT_CONVERSION = YES;
				GCC_WARN_ABOUT_RETURN_TYPE = YES_ERROR;
				GCC_WARN_UNDECLARED_SELECTOR = YES;
				GCC_WARN_UNINITIALIZED_AUTOS = YES_AGGRESSIVE;
				GCC_WARN_UNUSED_FUNCTION = YES;
				GCC_WARN_UNUSED_VARIABLE = YES;
				MACOSX_DEPLOYMENT_TARGET = 10.12;
				MTL_ENABLE_DEBUG_INFO = NO;
				SDKROOT = macosx;
			};
			name = Release;
		};
		1DDFE98C1F5FDCE8008FF525 /* Debug */ = {
			isa = XCBuildConfiguration;
			buildSettings = {
				DEVELOPMENT_TEAM = ZG9464TBPU;
				PRODUCT_NAME = "$(TARGET_NAME)";
				SWIFT_VERSION = 3.0;
			};
			name = Debug;
		};
		1DDFE98D1F5FDCE8008FF525 /* Release */ = {
			isa = XCBuildConfiguration;
			buildSettings = {
				DEVELOPMENT_TEAM = ZG9464TBPU;
				PRODUCT_NAME = "$(TARGET_NAME)";
				SWIFT_VERSION = 3.0;
			};
			name = Release;
		};
/* End XCBuildConfiguration section */

/* Begin XCConfigurationList section */
		1DDFE97F1F5FDCE8008FF525 /* Build configuration list for PBXProject "sample02" */ = {
			isa = XCConfigurationList;
			buildConfigurations = (
				1DDFE9891F5FDCE8008FF525 /* Debug */,
				1DDFE98A1F5FDCE8008FF525 /* Release */,
			);
			defaultConfigurationIsVisible = 0;
			defaultConfigurationName = Release;
		};
		1DDFE98B1F5FDCE8008FF525 /* Build configuration list for PBXNativeTarget "sample02" */ = {
			isa = XCConfigurationList;
			buildConfigurations = (
				1DDFE98C1F5FDCE8008FF525 /* Debug */,
				1DDFE98D1F5FDCE8008FF525 /* Release */,
			);
			defaultConfigurationIsVisible = 0;
			defaultConfigurationName = Release;
		};
/* End XCConfigurationList section */
	};
	rootObject = 1DDFE97C1F5FDCE8008FF525 /* Project object */;
}
